
Microsoft Visual Studio Solution File, Format Version 12.00
# Visual Studio Version 16
VisualStudioVersion = 16.0.29411.108
MinimumVisualStudioVersion = 10.0.40219.1
Project("{FAE04EC0-301F-11D3-BF4B-00C04F79EFBC}") = "ReportingDemo", "ReportingDemo.csproj", "{97E76096-0D02-4BFF-86FF-B831CB0F12EC}"
EndProject
Project("{FAE04EC0-301F-11D3-BF4B-00C04F79EFBC}") = "ReportingDemo.Test", "..\ReportingDemo.Test\ReportingDemo.Test.csproj", "{1977FBF3-9C10-4E23-83B5-216D0EC1A101}"
EndProject
Global
	GlobalSection(SolutionConfigurationPlatforms) = preSolution
		Debug|Any CPU = Debug|Any CPU
		Release|Any CPU = Release|Any CPU
	EndGlobalSection
	GlobalSection(ProjectConfigurationPlatforms) = postSolution
		{97E76096-0D02-4BFF-86FF-B831CB0F12EC}.Debug|Any CPU.ActiveCfg = Debug|Any CPU
		{97E76096-0D02-4BFF-86FF-B831CB0F12EC}.Debug|Any CPU.Build.0 = Debug|Any CPU
		{97E76096-0D02-4BFF-86FF-B831CB0F12EC}.Release|Any CPU.ActiveCfg = Release|Any CPU
		{97E76096-0D02-4BFF-86FF-B831CB0F12EC}.Release|Any CPU.Build.0 = Release|Any CPU
		{1977FBF3-9C10-4E23-83B5-216D0EC1A101}.Debug|Any CPU.ActiveCfg = Debug|Any CPU
		{1977FBF3-9C10-4E23-83B5-216D0EC1A101}.Debug|Any CPU.Build.0 = Debug|Any CPU
		{1977FBF3-9C10-4E23-83B5-216D0EC1A101}.Release|Any CPU.ActiveCfg = Release|Any CPU
		{1977FBF3-9C10-4E23-83B5-216D0EC1A101}.Release|Any CPU.Build.0 = Release|Any CPU
	EndGlobalSection
	GlobalSection(SolutionProperties) = preSolution
		HideSolutionNode = FALSE
	EndGlobalSection
	GlobalSection(ExtensibilityGlobals) = postSolution
		SolutionGuid = {4916AAD6-7340-452E-821A-E10FAA7CDB2B}
	EndGlobalSection
EndGlobal
